
Microsoft Visual Studio Solution File, Format Version 12.00
# Visual Studio Version 16
VisualStudioVersion = 16.0.29806.167
MinimumVisualStudioVersion = 10.0.40219.1
Project("{FAE04EC0-301F-11D3-BF4B-00C04F79EFBC}") = "task-of-transfusion", "task-of-transfusion\task-of-transfusion.csproj", "{FF5937AB-9EB2-4975-A162-F55B57C715AD}"
EndProject
Global
	GlobalSection(SolutionConfigurationPlatforms) = preSolution
		Debug|Any CPU = Debug|Any CPU
		Release|Any CPU = Release|Any CPU
	EndGlobalSection
	GlobalSection(ProjectConfigurationPlatforms) = postSolution
		{FF5937AB-9EB2-4975-A162-F55B57C715AD}.Debug|Any CPU.ActiveCfg = Debug|Any CPU
		{FF5937AB-9EB2-4975-A162-F55B57C715AD}.Debug|Any CPU.Build.0 = Debug|Any CPU
		{FF5937AB-9EB2-4975-A162-F55B57C715AD}.Release|Any CPU.ActiveCfg = Release|Any CPU
		{FF5937AB-9EB2-4975-A162-F55B57C715AD}.Release|Any CPU.Build.0 = Release|Any CPU
	EndGlobalSection
	GlobalSection(SolutionProperties) = preSolution
		HideSolutionNode = FALSE
	EndGlobalSection
	GlobalSection(ExtensibilityGlobals) = postSolution
		SolutionGuid = {AD8EE4FD-6AA8-44F2-A60A-3733D7279E8B}
	EndGlobalSection
EndGlobal
